apiVersion: vendir.k14s.io/v1alpha1
directories:
- contents:
  - git:
      commitTitle: 'Merge pull request #3635 from fhanik/pr/backwards-compatible-request-mappings...'
      sha: 7c4a45d3ed6e80a8b243c98692ae9f116b9caa55
      tags:
      - v78.4.0-8-g7c4a45d3e
    path: .
  path: scripts/assets/templates/uaa
kind: LockConfig
